
Microsoft Visual Studio Solution File, Format Version 12.00
# Visual Studio Version 16
VisualStudioVersion = 16.0.31624.102
MinimumVisualStudioVersion = 10.0.40219.1
Project("{FAE04EC0-301F-11D3-BF4B-00C04F79EFBC}") = "Observer", "Observer\Observer.csproj", "{15A469AE-2547-4DA9-A52C-DC1844EE306C}"
EndProject
Global
	GlobalSection(SolutionConfigurationPlatforms) = preSolution
		Debug|Any CPU = Debug|Any CPU
		Release|Any CPU = Release|Any CPU
	EndGlobalSection
	GlobalSection(ProjectConfigurationPlatforms) = postSolution
		{15A469AE-2547-4DA9-A52C-DC1844EE306C}.Debug|Any CPU.ActiveCfg = Debug|Any CPU
		{15A469AE-2547-4DA9-A52C-DC1844EE306C}.Debug|Any CPU.Build.0 = Debug|Any CPU
		{15A469AE-2547-4DA9-A52C-DC1844EE306C}.Release|Any CPU.ActiveCfg = Release|Any CPU
		{15A469AE-2547-4DA9-A52C-DC1844EE306C}.Release|Any CPU.Build.0 = Release|Any CPU
	EndGlobalSection
	GlobalSection(SolutionProperties) = preSolution
		HideSolutionNode = FALSE
	EndGlobalSection
	GlobalSection(ExtensibilityGlobals) = postSolution
		SolutionGuid = {BBD54A7E-2675-41AB-A352-41FCA066A6C3}
	EndGlobalSection
EndGlobal
