
Microsoft Visual Studio Solution File, Format Version 12.00
# Visual Studio Version 16
VisualStudioVersion = 16.0.31624.102
MinimumVisualStudioVersion = 10.0.40219.1
Project("{FAE04EC0-301F-11D3-BF4B-00C04F79EFBC}") = "ConsoleEj1", "ConsoleEj1\ConsoleEj1.csproj", "{2CAA38B1-DF9A-4A8C-91FE-AA90ED5106B2}"
EndProject
Project("{FAE04EC0-301F-11D3-BF4B-00C04F79EFBC}") = "LibEj1", "LibEj1\LibEj1.csproj", "{E8F7BD9D-7057-4365-BE93-3BCF8A51FEFA}"
EndProject
Global
	GlobalSection(SolutionConfigurationPlatforms) = preSolution
		Debug|Any CPU = Debug|Any CPU
		Release|Any CPU = Release|Any CPU
	EndGlobalSection
	GlobalSection(ProjectConfigurationPlatforms) = postSolution
		{2CAA38B1-DF9A-4A8C-91FE-AA90ED5106B2}.Debug|Any CPU.ActiveCfg = Debug|Any CPU
		{2CAA38B1-DF9A-4A8C-91FE-AA90ED5106B2}.Debug|Any CPU.Build.0 = Debug|Any CPU
		{2CAA38B1-DF9A-4A8C-91FE-AA90ED5106B2}.Release|Any CPU.ActiveCfg = Release|Any CPU
		{2CAA38B1-DF9A-4A8C-91FE-AA90ED5106B2}.Release|Any CPU.Build.0 = Release|Any CPU
		{E8F7BD9D-7057-4365-BE93-3BCF8A51FEFA}.Debug|Any CPU.ActiveCfg = Debug|Any CPU
		{E8F7BD9D-7057-4365-BE93-3BCF8A51FEFA}.Debug|Any CPU.Build.0 = Debug|Any CPU
		{E8F7BD9D-7057-4365-BE93-3BCF8A51FEFA}.Release|Any CPU.ActiveCfg = Release|Any CPU
		{E8F7BD9D-7057-4365-BE93-3BCF8A51FEFA}.Release|Any CPU.Build.0 = Release|Any CPU
	EndGlobalSection
	GlobalSection(SolutionProperties) = preSolution
		HideSolutionNode = FALSE
	EndGlobalSection
	GlobalSection(ExtensibilityGlobals) = postSolution
		SolutionGuid = {E9BCD283-1B52-4BD4-88A9-48C27C3EFB8A}
	EndGlobalSection
EndGlobal
