
Microsoft Visual Studio Solution File, Format Version 12.00
# Visual Studio Version 16
VisualStudioVersion = 16.0.31624.102
MinimumVisualStudioVersion = 10.0.40219.1
Project("{FAE04EC0-301F-11D3-BF4B-00C04F79EFBC}") = "Threads", "Threads\Threads.csproj", "{1B7970E6-A0F5-4F4F-85C4-058FFA4232B2}"
EndProject
Global
	GlobalSection(SolutionConfigurationPlatforms) = preSolution
		Debug|Any CPU = Debug|Any CPU
		Release|Any CPU = Release|Any CPU
	EndGlobalSection
	GlobalSection(ProjectConfigurationPlatforms) = postSolution
		{1B7970E6-A0F5-4F4F-85C4-058FFA4232B2}.Debug|Any CPU.ActiveCfg = Debug|Any CPU
		{1B7970E6-A0F5-4F4F-85C4-058FFA4232B2}.Debug|Any CPU.Build.0 = Debug|Any CPU
		{1B7970E6-A0F5-4F4F-85C4-058FFA4232B2}.Release|Any CPU.ActiveCfg = Release|Any CPU
		{1B7970E6-A0F5-4F4F-85C4-058FFA4232B2}.Release|Any CPU.Build.0 = Release|Any CPU
	EndGlobalSection
	GlobalSection(SolutionProperties) = preSolution
		HideSolutionNode = FALSE
	EndGlobalSection
	GlobalSection(ExtensibilityGlobals) = postSolution
		SolutionGuid = {FF763D3F-F86A-4D16-8CE0-FD129BF046EC}
	EndGlobalSection
EndGlobal
