
Microsoft Visual Studio Solution File, Format Version 12.00
# Visual Studio Version 16
VisualStudioVersion = 16.0.31624.102
MinimumVisualStudioVersion = 10.0.40219.1
Project("{FAE04EC0-301F-11D3-BF4B-00C04F79EFBC}") = "PrinterSpool", "PrinterSpool\PrinterSpool.csproj", "{EDC6E7E1-5875-448E-B4AF-47C189CC9489}"
EndProject
Global
	GlobalSection(SolutionConfigurationPlatforms) = preSolution
		Debug|Any CPU = Debug|Any CPU
		Release|Any CPU = Release|Any CPU
	EndGlobalSection
	GlobalSection(ProjectConfigurationPlatforms) = postSolution
		{EDC6E7E1-5875-448E-B4AF-47C189CC9489}.Debug|Any CPU.ActiveCfg = Debug|Any CPU
		{EDC6E7E1-5875-448E-B4AF-47C189CC9489}.Debug|Any CPU.Build.0 = Debug|Any CPU
		{EDC6E7E1-5875-448E-B4AF-47C189CC9489}.Release|Any CPU.ActiveCfg = Release|Any CPU
		{EDC6E7E1-5875-448E-B4AF-47C189CC9489}.Release|Any CPU.Build.0 = Release|Any CPU
	EndGlobalSection
	GlobalSection(SolutionProperties) = preSolution
		HideSolutionNode = FALSE
	EndGlobalSection
	GlobalSection(ExtensibilityGlobals) = postSolution
		SolutionGuid = {686F3F29-2949-43FE-A9EF-421AE6E211AC}
	EndGlobalSection
EndGlobal
